// !$*UTF8*$!
{
	archiveVersion = 1;
	classes = {
	};
	objectVersion = 50;
	objects = {

/* Begin PBXBuildFile section */
		3AADEE6B61B87B226CBB8760 /* Pods_MarvelHeroes.framework in Frameworks */ = {isa = PBXBuildFile; fileRef = F0F0429A3C036A6AB2A82FA8 /* Pods_MarvelHeroes.framework */; };
		8404917C218CF23C00E59ACD /* Hero+Marvel.swift in Sources */ = {isa = PBXBuildFile; fileRef = 8404917B218CF23C00E59ACD /* Hero+Marvel.swift */; };
		8404917E218CF26400E59ACD /* MarvelKeys.swift in Sources */ = {isa = PBXBuildFile; fileRef = 8404917D218CF26400E59ACD /* MarvelKeys.swift */; };
		84049183218D23E800E59ACD /* HeroListViewModel.swift in Sources */ = {isa = PBXBuildFile; fileRef = 84049182218D23E800E59ACD /* HeroListViewModel.swift */; };
		84049186218D347F00E59ACD /* HeroCellViewModel.swift in Sources */ = {isa = PBXBuildFile; fileRef = 84049185218D347F00E59ACD /* HeroCellViewModel.swift */; };
		84049188218D37AE00E59ACD /* HeroDetailViewModel.swift in Sources */ = {isa = PBXBuildFile; fileRef = 84049187218D37AE00E59ACD /* HeroDetailViewModel.swift */; };
		840AA093218CCD7C000EF03F /* Comic.swift in Sources */ = {isa = PBXBuildFile; fileRef = 840AA092218CCD7C000EF03F /* Comic.swift */; };
		841C317A218CA9EB003D08DA /* Hero.swift in Sources */ = {isa = PBXBuildFile; fileRef = 841C3179218CA9EB003D08DA /* Hero.swift */; };
		8429EDDF218C8E4300265E11 /* AppDelegate.swift in Sources */ = {isa = PBXBuildFile; fileRef = 8429EDDE218C8E4300265E11 /* AppDelegate.swift */; };
		8429EDE4218C8E4300265E11 /* Main.storyboard in Resources */ = {isa = PBXBuildFile; fileRef = 8429EDE2218C8E4300265E11 /* Main.storyboard */; };
		8429EDE6218C8E4400265E11 /* Assets.xcassets in Resources */ = {isa = PBXBuildFile; fileRef = 8429EDE5218C8E4400265E11 /* Assets.xcassets */; };
		8429EDE9218C8E4400265E11 /* LaunchScreen.storyboard in Resources */ = {isa = PBXBuildFile; fileRef = 8429EDE7218C8E4400265E11 /* LaunchScreen.storyboard */; };
		8429EDF4218C8E4400265E11 /* HeroListViewModelTests.swift in Sources */ = {isa = PBXBuildFile; fileRef = 8429EDF3218C8E4400265E11 /* HeroListViewModelTests.swift */; };
		8429EDFF218C8E4400265E11 /* MarvelHeroesUITests.swift in Sources */ = {isa = PBXBuildFile; fileRef = 8429EDFE218C8E4400265E11 /* MarvelHeroesUITests.swift */; };
		8429EE0D218C907F00265E11 /* MarvelAPIService.swift in Sources */ = {isa = PBXBuildFile; fileRef = 8429EE0C218C907F00265E11 /* MarvelAPIService.swift */; };
		8493AD5D218DEAB20034513D /* HeroCollectionViewCell.swift in Sources */ = {isa = PBXBuildFile; fileRef = 8493AD5C218DEAB20034513D /* HeroCollectionViewCell.swift */; };
		8493AD5F218DEFAA0034513D /* ViewExtension.swift in Sources */ = {isa = PBXBuildFile; fileRef = 8493AD5E218DEFAA0034513D /* ViewExtension.swift */; };
		8493AD63218DFCFF0034513D /* LayerExtension.swift in Sources */ = {isa = PBXBuildFile; fileRef = 8493AD62218DFCFF0034513D /* LayerExtension.swift */; };
		8493AD67218E09B80034513D /* HeroDetailViewController.swift in Sources */ = {isa = PBXBuildFile; fileRef = 8493AD66218E09B80034513D /* HeroDetailViewController.swift */; };
		84A4DC2D218E656800072FB6 /* ComicTableViewCell.swift in Sources */ = {isa = PBXBuildFile; fileRef = 84A4DC2C218E656800072FB6 /* ComicTableViewCell.swift */; };
		84A4DC2F218E657E00072FB6 /* ComicViewModel.swift in Sources */ = {isa = PBXBuildFile; fileRef = 84A4DC2E218E657E00072FB6 /* ComicViewModel.swift */; };
		84A4DC31218E6CEB00072FB6 /* Comic+Marvel.swift in Sources */ = {isa = PBXBuildFile; fileRef = 84A4DC30218E6CEB00072FB6 /* Comic+Marvel.swift */; };
		84A4DC33218E868300072FB6 /* UIViewController.swift in Sources */ = {isa = PBXBuildFile; fileRef = 84A4DC32218E868300072FB6 /* UIViewController.swift */; };
		84A4DC35218E8E6700072FB6 /* HeroListViewController.swift in Sources */ = {isa = PBXBuildFile; fileRef = 84A4DC34218E8E6600072FB6 /* HeroListViewController.swift */; };
		84C71D7C218F2AB0001799ED /* MarvelAPIServiceMock.swift in Sources */ = {isa = PBXBuildFile; fileRef = 84C71D7B218F2AB0001799ED /* MarvelAPIServiceMock.swift */; };
		84C71D7E218F4C94001799ED /* HeroCellViewModelTests.swift in Sources */ = {isa = PBXBuildFile; fileRef = 84C71D7D218F4C94001799ED /* HeroCellViewModelTests.swift */; };
		84C71D80218F515E001799ED /* HeroDetailViewModelTests.swift in Sources */ = {isa = PBXBuildFile; fileRef = 84C71D7F218F515E001799ED /* HeroDetailViewModelTests.swift */; };
		84C71D82218F54E0001799ED /* ComicViewModelTests.swift in Sources */ = {isa = PBXBuildFile; fileRef = 84C71D81218F54E0001799ED /* ComicViewModelTests.swift */; };
		84C71D84218F5664001799ED /* MarvelResponse.swift in Sources */ = {isa = PBXBuildFile; fileRef = 84C71D83218F5664001799ED /* MarvelResponse.swift */; };
		84C71D86218F56F0001799ED /* DecoderTests.swift in Sources */ = {isa = PBXBuildFile; fileRef = 84C71D85218F56F0001799ED /* DecoderTests.swift */; };
/* End PBXBuildFile section */

/* Begin PBXContainerItemProxy section */
		8429EDF0218C8E4400265E11 /* PBXContainerItemProxy */ = {
			isa = PBXContainerItemProxy;
			containerPortal = 8429EDD3218C8E4200265E11 /* Project object */;
			proxyType = 1;
			remoteGlobalIDString = 8429EDDA218C8E4200265E11;
			remoteInfo = MarvelHeroes;
		};
		8429EDFB218C8E4400265E11 /* PBXContainerItemProxy */ = {
			isa = PBXContainerItemProxy;
			containerPortal = 8429EDD3218C8E4200265E11 /* Project object */;
			proxyType = 1;
			remoteGlobalIDString = 8429EDDA218C8E4200265E11;
			remoteInfo = MarvelHeroes;
		};
/* End PBXContainerItemProxy section */

/* Begin PBXFileReference section */
		331C7127FBB0FF1DB9AC6029 /* Pods-MarvelHeroes.release.xcconfig */ = {isa = PBXFileReference; includeInIndex = 1; lastKnownFileType = text.xcconfig; name = "Pods-MarvelHeroes.release.xcconfig"; path = "Pods/Target Support Files/Pods-MarvelHeroes/Pods-MarvelHeroes.release.xcconfig"; sourceTree = "<group>"; };
		583C5F2C48B1139131C8614D /* Pods-MarvelHeroes.debug.xcconfig */ = {isa = PBXFileReference; includeInIndex = 1; lastKnownFileType = text.xcconfig; name = "Pods-MarvelHeroes.debug.xcconfig"; path = "Pods/Target Support Files/Pods-MarvelHeroes/Pods-MarvelHeroes.debug.xcconfig"; sourceTree = "<group>"; };
		8404917B218CF23C00E59ACD /* Hero+Marvel.swift */ = {isa = PBXFileReference; lastKnownFileType = sourcecode.swift; path = "Hero+Marvel.swift"; sourceTree = "<group>"; };
		8404917D218CF26400E59ACD /* MarvelKeys.swift */ = {isa = PBXFileReference; lastKnownFileType = sourcecode.swift; path = MarvelKeys.swift; sourceTree = "<group>"; };
		84049182218D23E800E59ACD /* HeroListViewModel.swift */ = {isa = PBXFileReference; lastKnownFileType = sourcecode.swift; path = HeroListViewModel.swift; sourceTree = "<group>"; };
		84049185218D347F00E59ACD /* HeroCellViewModel.swift */ = {isa = PBXFileReference; lastKnownFileType = sourcecode.swift; path = HeroCellViewModel.swift; sourceTree = "<group>"; };
		84049187218D37AE00E59ACD /* HeroDetailViewModel.swift */ = {isa = PBXFileReference; lastKnownFileType = sourcecode.swift; path = HeroDetailViewModel.swift; sourceTree = "<group>"; };
		840AA092218CCD7C000EF03F /* Comic.swift */ = {isa = PBXFileReference; lastKnownFileType = sourcecode.swift; path = Comic.swift; sourceTree = "<group>"; };
		841C3179218CA9EB003D08DA /* Hero.swift */ = {isa = PBXFileReference; lastKnownFileType = sourcecode.swift; path = Hero.swift; sourceTree = "<group>"; };
		8429EDDB218C8E4300265E11 /* MarvelHeroes.app */ = {isa = PBXFileReference; explicitFileType = wrapper.application; includeInIndex = 0; path = MarvelHeroes.app; sourceTree = BUILT_PRODUCTS_DIR; };
		8429EDDE218C8E4300265E11 /* AppDelegate.swift */ = {isa = PBXFileReference; lastKnownFileType = sourcecode.swift; path = AppDelegate.swift; sourceTree = "<group>"; };
		8429EDE3218C8E4300265E11 /* Base */ = {isa = PBXFileReference; lastKnownFileType = file.storyboard; name = Base; path = Base.lproj/Main.storyboard; sourceTree = "<group>"; };
		8429EDE5218C8E4400265E11 /* Assets.xcassets */ = {isa = PBXFileReference; lastKnownFileType = folder.assetcatalog; path = Assets.xcassets; sourceTree = "<group>"; };
		8429EDE8218C8E4400265E11 /* Base */ = {isa = PBXFileReference; lastKnownFileType = file.storyboard; name = Base; path = Base.lproj/LaunchScreen.storyboard; sourceTree = "<group>"; };
		8429EDEA218C8E4400265E11 /* Info.plist */ = {isa = PBXFileReference; lastKnownFileType = text.plist.xml; path = Info.plist; sourceTree = "<group>"; };
		8429EDEF218C8E4400265E11 /* MarvelHeroesTests.xctest */ = {isa = PBXFileReference; explicitFileType = wrapper.cfbundle; includeInIndex = 0; path = MarvelHeroesTests.xctest; sourceTree = BUILT_PRODUCTS_DIR; };
		8429EDF3218C8E4400265E11 /* HeroListViewModelTests.swift */ = {isa = PBXFileReference; lastKnownFileType = sourcecode.swift; path = HeroListViewModelTests.swift; sourceTree = "<group>"; };
		8429EDF5218C8E4400265E11 /* Info.plist */ = {isa = PBXFileReference; lastKnownFileType = text.plist.xml; path = Info.plist; sourceTree = "<group>"; };
		8429EDFA218C8E4400265E11 /* MarvelHeroesUITests.xctest */ = {isa = PBXFileReference; explicitFileType = wrapper.cfbundle; includeInIndex = 0; path = MarvelHeroesUITests.xctest; sourceTree = BUILT_PRODUCTS_DIR; };
		8429EDFE218C8E4400265E11 /* MarvelHeroesUITests.swift */ = {isa = PBXFileReference; lastKnownFileType = sourcecode.swift; path = MarvelHeroesUITests.swift; sourceTree = "<group>"; };
		8429EE00218C8E4400265E11 /* Info.plist */ = {isa = PBXFileReference; lastKnownFileType = text.plist.xml; path = Info.plist; sourceTree = "<group>"; };
		8429EE0C218C907F00265E11 /* MarvelAPIService.swift */ = {isa = PBXFileReference; lastKnownFileType = sourcecode.swift; path = MarvelAPIService.swift; sourceTree = "<group>"; };
		8493AD5C218DEAB20034513D /* HeroCollectionViewCell.swift */ = {isa = PBXFileReference; lastKnownFileType = sourcecode.swift; path = HeroCollectionViewCell.swift; sourceTree = "<group>"; };
		8493AD5E218DEFAA0034513D /* ViewExtension.swift */ = {isa = PBXFileReference; lastKnownFileType = sourcecode.swift; path = ViewExtension.swift; sourceTree = "<group>"; };
		8493AD62218DFCFF0034513D /* LayerExtension.swift */ = {isa = PBXFileReference; lastKnownFileType = sourcecode.swift; path = LayerExtension.swift; sourceTree = "<group>"; };
		8493AD66218E09B80034513D /* HeroDetailViewController.swift */ = {isa = PBXFileReference; lastKnownFileType = sourcecode.swift; path = HeroDetailViewController.swift; sourceTree = "<group>"; };
		84A4DC2C218E656800072FB6 /* ComicTableViewCell.swift */ = {isa = PBXFileReference; lastKnownFileType = sourcecode.swift; path = ComicTableViewCell.swift; sourceTree = "<group>"; };
		84A4DC2E218E657E00072FB6 /* ComicViewModel.swift */ = {isa = PBXFileReference; lastKnownFileType = sourcecode.swift; path = ComicViewModel.swift; sourceTree = "<group>"; };
		84A4DC30218E6CEB00072FB6 /* Comic+Marvel.swift */ = {isa = PBXFileReference; lastKnownFileType = sourcecode.swift; path = "Comic+Marvel.swift"; sourceTree = "<group>"; };
		84A4DC32218E868300072FB6 /* UIViewController.swift */ = {isa = PBXFileReference; lastKnownFileType = sourcecode.swift; path = UIViewController.swift; sourceTree = "<group>"; };
		84A4DC34218E8E6600072FB6 /* HeroListViewController.swift */ = {isa = PBXFileReference; fileEncoding = 4; lastKnownFileType = sourcecode.swift; path = HeroListViewController.swift; sourceTree = "<group>"; };
		84C71D7B218F2AB0001799ED /* MarvelAPIServiceMock.swift */ = {isa = PBXFileReference; lastKnownFileType = sourcecode.swift; path = MarvelAPIServiceMock.swift; sourceTree = "<group>"; };
		84C71D7D218F4C94001799ED /* HeroCellViewModelTests.swift */ = {isa = PBXFileReference; lastKnownFileType = sourcecode.swift; path = HeroCellViewModelTests.swift; sourceTree = "<group>"; };
		84C71D7F218F515E001799ED /* HeroDetailViewModelTests.swift */ = {isa = PBXFileReference; lastKnownFileType = sourcecode.swift; path = HeroDetailViewModelTests.swift; sourceTree = "<group>"; };
		84C71D81218F54E0001799ED /* ComicViewModelTests.swift */ = {isa = PBXFileReference; lastKnownFileType = sourcecode.swift; path = ComicViewModelTests.swift; sourceTree = "<group>"; };
		84C71D83218F5664001799ED /* MarvelResponse.swift */ = {isa = PBXFileReference; lastKnownFileType = sourcecode.swift; path = MarvelResponse.swift; sourceTree = "<group>"; };
		84C71D85218F56F0001799ED /* DecoderTests.swift */ = {isa = PBXFileReference; lastKnownFileType = sourcecode.swift; path = DecoderTests.swift; sourceTree = "<group>"; };
		F0F0429A3C036A6AB2A82FA8 /* Pods_MarvelHeroes.framework */ = {isa = PBXFileReference; explicitFileType = wrapper.framework; includeInIndex = 0; path = Pods_MarvelHeroes.framework; sourceTree = BUILT_PRODUCTS_DIR; };
/* End PBXFileReference section */

/* Begin PBXFrameworksBuildPhase section */
		8429EDD8218C8E4200265E11 /* Frameworks */ = {
			isa = PBXFrameworksBuildPhase;
			buildActionMask = 2147483647;
			files = (
				3AADEE6B61B87B226CBB8760 /* Pods_MarvelHeroes.framework in Frameworks */,
			);
			runOnlyForDeploymentPostprocessing = 0;
		};
		8429EDEC218C8E4400265E11 /* Frameworks */ = {
			isa = PBXFrameworksBuildPhase;
			buildActionMask = 2147483647;
			files = (
			);
			runOnlyForDeploymentPostprocessing = 0;
		};
		8429EDF7218C8E4400265E11 /* Frameworks */ = {
			isa = PBXFrameworksBuildPhase;
			buildActionMask = 2147483647;
			files = (
			);
			runOnlyForDeploymentPostprocessing = 0;
		};
/* End PBXFrameworksBuildPhase section */

/* Begin PBXGroup section */
		84049179218CF20800E59ACD /* Service */ = {
			isa = PBXGroup;
			children = (
				8404917A218CF21400E59ACD /* MarvelAPI */,
			);
			path = Service;
			sourceTree = "<group>";
		};
		8404917A218CF21400E59ACD /* MarvelAPI */ = {
			isa = PBXGroup;
			children = (
				8429EE0C218C907F00265E11 /* MarvelAPIService.swift */,
				8404917D218CF26400E59ACD /* MarvelKeys.swift */,
				8404917B218CF23C00E59ACD /* Hero+Marvel.swift */,
				84A4DC30218E6CEB00072FB6 /* Comic+Marvel.swift */,
				84C71D7B218F2AB0001799ED /* MarvelAPIServiceMock.swift */,
				84C71D83218F5664001799ED /* MarvelResponse.swift */,
			);
			path = MarvelAPI;
			sourceTree = "<group>";
		};
		8404917F218CF2D900E59ACD /* Model */ = {
			isa = PBXGroup;
			children = (
				841C3179218CA9EB003D08DA /* Hero.swift */,
				840AA092218CCD7C000EF03F /* Comic.swift */,
			);
			path = Model;
			sourceTree = "<group>";
		};
		84049184218D346900E59ACD /* ViewModel */ = {
			isa = PBXGroup;
			children = (
				84049182218D23E800E59ACD /* HeroListViewModel.swift */,
				84049185218D347F00E59ACD /* HeroCellViewModel.swift */,
				84049187218D37AE00E59ACD /* HeroDetailViewModel.swift */,
				84A4DC2E218E657E00072FB6 /* ComicViewModel.swift */,
			);
			path = ViewModel;
			sourceTree = "<group>";
		};
		8429EDD2218C8E4200265E11 = {
			isa = PBXGroup;
			children = (
				8429EDDD218C8E4300265E11 /* MarvelHeroes */,
				8429EDF2218C8E4400265E11 /* MarvelHeroesTests */,
				8429EDFD218C8E4400265E11 /* MarvelHeroesUITests */,
				8429EDDC218C8E4300265E11 /* Products */,
				EB44971EAD72DE1999EAC2E6 /* Pods */,
				FC743C91D43E060AF728023C /* Frameworks */,
			);
			sourceTree = "<group>";
		};
		8429EDDC218C8E4300265E11 /* Products */ = {
			isa = PBXGroup;
			children = (
				8429EDDB218C8E4300265E11 /* MarvelHeroes.app */,
				8429EDEF218C8E4400265E11 /* MarvelHeroesTests.xctest */,
				8429EDFA218C8E4400265E11 /* MarvelHeroesUITests.xctest */,
			);
			name = Products;
			sourceTree = "<group>";
		};
		8429EDDD218C8E4300265E11 /* MarvelHeroes */ = {
			isa = PBXGroup;
			children = (
				8429EDDE218C8E4300265E11 /* AppDelegate.swift */,
				8429EDE5218C8E4400265E11 /* Assets.xcassets */,
				8429EDE7218C8E4400265E11 /* LaunchScreen.storyboard */,
				8429EDEA218C8E4400265E11 /* Info.plist */,
				84049179218CF20800E59ACD /* Service */,
				8404917F218CF2D900E59ACD /* Model */,
				8493AD65218E01040034513D /* View */,
				84049184218D346900E59ACD /* ViewModel */,
				8493AD64218E00F00034513D /* Extensions */,
			);
			path = MarvelHeroes;
			sourceTree = "<group>";
		};
		8429EDF2218C8E4400265E11 /* MarvelHeroesTests */ = {
			isa = PBXGroup;
			children = (
				8429EDF5218C8E4400265E11 /* Info.plist */,
				8429EDF3218C8E4400265E11 /* HeroListViewModelTests.swift */,
				84C71D7D218F4C94001799ED /* HeroCellViewModelTests.swift */,
				84C71D7F218F515E001799ED /* HeroDetailViewModelTests.swift */,
				84C71D81218F54E0001799ED /* ComicViewModelTests.swift */,
				84C71D85218F56F0001799ED /* DecoderTests.swift */,
			);
			path = MarvelHeroesTests;
			sourceTree = "<group>";
		};
		8429EDFD218C8E4400265E11 /* MarvelHeroesUITests */ = {
			isa = PBXGroup;
			children = (
				8429EDFE218C8E4400265E11 /* MarvelHeroesUITests.swift */,
				8429EE00218C8E4400265E11 /* Info.plist */,
			);
			path = MarvelHeroesUITests;
			sourceTree = "<group>";
		};
		8493AD64218E00F00034513D /* Extensions */ = {
			isa = PBXGroup;
			children = (
				8493AD62218DFCFF0034513D /* LayerExtension.swift */,
				8493AD5E218DEFAA0034513D /* ViewExtension.swift */,
				84A4DC32218E868300072FB6 /* UIViewController.swift */,
			);
			path = Extensions;
			sourceTree = "<group>";
		};
		8493AD65218E01040034513D /* View */ = {
			isa = PBXGroup;
			children = (
				8429EDE2218C8E4300265E11 /* Main.storyboard */,
				84A4DC34218E8E6600072FB6 /* HeroListViewController.swift */,
				8493AD5C218DEAB20034513D /* HeroCollectionViewCell.swift */,
				8493AD66218E09B80034513D /* HeroDetailViewController.swift */,
				84A4DC2C218E656800072FB6 /* ComicTableViewCell.swift */,
			);
			path = View;
			sourceTree = "<group>";
		};
		EB44971EAD72DE1999EAC2E6 /* Pods */ = {
			isa = PBXGroup;
			children = (
				583C5F2C48B1139131C8614D /* Pods-MarvelHeroes.debug.xcconfig */,
				331C7127FBB0FF1DB9AC6029 /* Pods-MarvelHeroes.release.xcconfig */,
			);
			name = Pods;
			sourceTree = "<group>";
		};
		FC743C91D43E060AF728023C /* Frameworks */ = {
			isa = PBXGroup;
			children = (
				F0F0429A3C036A6AB2A82FA8 /* Pods_MarvelHeroes.framework */,
			);
			name = Frameworks;
			sourceTree = "<group>";
		};
/* End PBXGroup section */

/* Begin PBXNativeTarget section */
		8429EDDA218C8E4200265E11 /* MarvelHeroes */ = {
			isa = PBXNativeTarget;
			buildConfigurationList = 8429EE03218C8E4400265E11 /* Build configuration list for PBXNativeTarget "MarvelHeroes" */;
			buildPhases = (
				3DB4F98BB6C4653462220C59 /* [CP] Check Pods Manifest.lock */,
				8429EDD7218C8E4200265E11 /* Sources */,
				8429EDD8218C8E4200265E11 /* Frameworks */,
				8429EDD9218C8E4200265E11 /* Resources */,
				50B4CBEAC59261404C33E0B1 /* [CP] Embed Pods Frameworks */,
			);
			buildRules = (
			);
			dependencies = (
			);
			name = MarvelHeroes;
			productName = MarvelHeroes;
			productReference = 8429EDDB218C8E4300265E11 /* MarvelHeroes.app */;
			productType = "com.apple.product-type.application";
		};
		8429EDEE218C8E4400265E11 /* MarvelHeroesTests */ = {
			isa = PBXNativeTarget;
			buildConfigurationList = 8429EE06218C8E4400265E11 /* Build configuration list for PBXNativeTarget "MarvelHeroesTests" */;
			buildPhases = (
				8429EDEB218C8E4400265E11 /* Sources */,
				8429EDEC218C8E4400265E11 /* Frameworks */,
				8429EDED218C8E4400265E11 /* Resources */,
			);
			buildRules = (
			);
			dependencies = (
				8429EDF1218C8E4400265E11 /* PBXTargetDependency */,
			);
			name = MarvelHeroesTests;
			productName = MarvelHeroesTests;
			productReference = 8429EDEF218C8E4400265E11 /* MarvelHeroesTests.xctest */;
			productType = "com.apple.product-type.bundle.unit-test";
		};
		8429EDF9218C8E4400265E11 /* MarvelHeroesUITests */ = {
			isa = PBXNativeTarget;
			buildConfigurationList = 8429EE09218C8E4400265E11 /* Build configuration list for PBXNativeTarget "MarvelHeroesUITests" */;
			buildPhases = (
				8429EDF6218C8E4400265E11 /* Sources */,
				8429EDF7218C8E4400265E11 /* Frameworks */,
				8429EDF8218C8E4400265E11 /* Resources */,
			);
			buildRules = (
			);
			dependencies = (
				8429EDFC218C8E4400265E11 /* PBXTargetDependency */,
			);
			name = MarvelHeroesUITests;
			productName = MarvelHeroesUITests;
			productReference = 8429EDFA218C8E4400265E11 /* MarvelHeroesUITests.xctest */;
			productType = "com.apple.product-type.bundle.ui-testing";
		};
/* End PBXNativeTarget section */

/* Begin PBXProject section */
		8429EDD3218C8E4200265E11 /* Project object */ = {
			isa = PBXProject;
			attributes = {
				LastSwiftUpdateCheck = 1010;
				LastUpgradeCheck = 1010;
				ORGANIZATIONNAME = "Bruno Scheltzke";
				TargetAttributes = {
					8429EDDA218C8E4200265E11 = {
						CreatedOnToolsVersion = 10.1;
					};
					8429EDEE218C8E4400265E11 = {
						CreatedOnToolsVersion = 10.1;
						TestTargetID = 8429EDDA218C8E4200265E11;
					};
					8429EDF9218C8E4400265E11 = {
						CreatedOnToolsVersion = 10.1;
						TestTargetID = 8429EDDA218C8E4200265E11;
					};
				};
			};
			buildConfigurationList = 8429EDD6218C8E4200265E11 /* Build configuration list for PBXProject "MarvelHeroes" */;
			compatibilityVersion = "Xcode 9.3";
			developmentRegion = en;
			hasScannedForEncodings = 0;
			knownRegions = (
				en,
				Base,
			);
			mainGroup = 8429EDD2218C8E4200265E11;
			productRefGroup = 8429EDDC218C8E4300265E11 /* Products */;
			projectDirPath = "";
			projectRoot = "";
			targets = (
				8429EDDA218C8E4200265E11 /* MarvelHeroes */,
				8429EDEE218C8E4400265E11 /* MarvelHeroesTests */,
				8429EDF9218C8E4400265E11 /* MarvelHeroesUITests */,
			);
		};
/* End PBXProject section */

/* Begin PBXResourcesBuildPhase section */
		8429EDD9218C8E4200265E11 /* Resources */ = {
			isa = PBXResourcesBuildPhase;
			buildActionMask = 2147483647;
			files = (
				8429EDE9218C8E4400265E11 /* LaunchScreen.storyboard in Resources */,
				8429EDE6218C8E4400265E11 /* Assets.xcassets in Resources */,
				8429EDE4218C8E4300265E11 /* Main.storyboard in Resources */,
			);
			runOnlyForDeploymentPostprocessing = 0;
		};
		8429EDED218C8E4400265E11 /* Resources */ = {
			isa = PBXResourcesBuildPhase;
			buildActionMask = 2147483647;
			files = (
			);
			runOnlyForDeploymentPostprocessing = 0;
		};
		8429EDF8218C8E4400265E11 /* Resources */ = {
			isa = PBXResourcesBuildPhase;
			buildActionMask = 2147483647;
			files = (
			);
			runOnlyForDeploymentPostprocessing = 0;
		};
/* End PBXResourcesBuildPhase section */

/* Begin PBXShellScriptBuildPhase section */
		3DB4F98BB6C4653462220C59 /* [CP] Check Pods Manifest.lock */ = {
			isa = PBXShellScriptBuildPhase;
			buildActionMask = 2147483647;
			files = (
			);
			inputPaths = (
				"${PODS_PODFILE_DIR_PATH}/Podfile.lock",
				"${PODS_ROOT}/Manifest.lock",
			);
			name = "[CP] Check Pods Manifest.lock";
			outputPaths = (
				"$(DERIVED_FILE_DIR)/Pods-MarvelHeroes-checkManifestLockResult.txt",
			);
			runOnlyForDeploymentPostprocessing = 0;
			shellPath = /bin/sh;
			shellScript = "diff \"${PODS_PODFILE_DIR_PATH}/Podfile.lock\" \"${PODS_ROOT}/Manifest.lock\" > /dev/null\nif [ $? != 0 ] ; then\n    # print error to STDERR\n    echo \"error: The sandbox is not in sync with the Podfile.lock. Run 'pod install' or update your CocoaPods installation.\" >&2\n    exit 1\nfi\n# This output is used by Xcode 'outputs' to avoid re-running this script phase.\necho \"SUCCESS\" > \"${SCRIPT_OUTPUT_FILE_0}\"\n";
			showEnvVarsInLog = 0;
		};
		50B4CBEAC59261404C33E0B1 /* [CP] Embed Pods Frameworks */ = {
			isa = PBXShellScriptBuildPhase;
			buildActionMask = 2147483647;
			files = (
			);
			inputPaths = (
				"${SRCROOT}/Pods/Target Support Files/Pods-MarvelHeroes/Pods-MarvelHeroes-frameworks.sh",
				"${BUILT_PRODUCTS_DIR}/Alamofire/Alamofire.framework",
				"${BUILT_PRODUCTS_DIR}/AlamofireImage/AlamofireImage.framework",
				"${BUILT_PRODUCTS_DIR}/CryptoSwift/CryptoSwift.framework",
			);
			name = "[CP] Embed Pods Frameworks";
			outputPaths = (
				"${TARGET_BUILD_DIR}/${FRAMEWORKS_FOLDER_PATH}/Alamofire.framework",
				"${TARGET_BUILD_DIR}/${FRAMEWORKS_FOLDER_PATH}/AlamofireImage.framework",
				"${TARGET_BUILD_DIR}/${FRAMEWORKS_FOLDER_PATH}/CryptoSwift.framework",
			);
			runOnlyForDeploymentPostprocessing = 0;
			shellPath = /bin/sh;
			shellScript = "\"${SRCROOT}/Pods/Target Support Files/Pods-MarvelHeroes/Pods-MarvelHeroes-frameworks.sh\"\n";
			showEnvVarsInLog = 0;
		};
/* End PBXShellScriptBuildPhase section */

/* Begin PBXSourcesBuildPhase section */
		8429EDD7218C8E4200265E11 /* Sources */ = {
			isa = PBXSourcesBuildPhase;
			buildActionMask = 2147483647;
			files = (
				84049183218D23E800E59ACD /* HeroListViewModel.swift in Sources */,
				84A4DC35218E8E6700072FB6 /* HeroListViewController.swift in Sources */,
				8493AD5D218DEAB20034513D /* HeroCollectionViewCell.swift in Sources */,
				84A4DC33218E868300072FB6 /* UIViewController.swift in Sources */,
				8429EE0D218C907F00265E11 /* MarvelAPIService.swift in Sources */,
				8404917C218CF23C00E59ACD /* Hero+Marvel.swift in Sources */,
				840AA093218CCD7C000EF03F /* Comic.swift in Sources */,
				84A4DC31218E6CEB00072FB6 /* Comic+Marvel.swift in Sources */,
				84A4DC2F218E657E00072FB6 /* ComicViewModel.swift in Sources */,
				8493AD5F218DEFAA0034513D /* ViewExtension.swift in Sources */,
				8429EDDF218C8E4300265E11 /* AppDelegate.swift in Sources */,
				8404917E218CF26400E59ACD /* MarvelKeys.swift in Sources */,
				8493AD67218E09B80034513D /* HeroDetailViewController.swift in Sources */,
				84C71D84218F5664001799ED /* MarvelResponse.swift in Sources */,
				84C71D7C218F2AB0001799ED /* MarvelAPIServiceMock.swift in Sources */,
				841C317A218CA9EB003D08DA /* Hero.swift in Sources */,
				84049186218D347F00E59ACD /* HeroCellViewModel.swift in Sources */,
				8493AD63218DFCFF0034513D /* LayerExtension.swift in Sources */,
				84A4DC2D218E656800072FB6 /* ComicTableViewCell.swift in Sources */,
				84049188218D37AE00E59ACD /* HeroDetailViewModel.swift in Sources */,
			);
			runOnlyForDeploymentPostprocessing = 0;
		};
		8429EDEB218C8E4400265E11 /* Sources */ = {
			isa = PBXSourcesBuildPhase;
			buildActionMask = 2147483647;
			files = (
				84C71D7E218F4C94001799ED /* HeroCellViewModelTests.swift in Sources */,
				84C71D80218F515E001799ED /* HeroDetailViewModelTests.swift in Sources */,
				84C71D82218F54E0001799ED /* ComicViewModelTests.swift in Sources */,
				84C71D86218F56F0001799ED /* DecoderTests.swift in Sources */,
				8429EDF4218C8E4400265E11 /* HeroListViewModelTests.swift in Sources */,
			);
			runOnlyForDeploymentPostprocessing = 0;
		};
		8429EDF6218C8E4400265E11 /* Sources */ = {
			isa = PBXSourcesBuildPhase;
			buildActionMask = 2147483647;
			files = (
				8429EDFF218C8E4400265E11 /* MarvelHeroesUITests.swift in Sources */,
			);
			runOnlyForDeploymentPostprocessing = 0;
		};
/* End PBXSourcesBuildPhase section */

/* Begin PBXTargetDependency section */
		8429EDF1218C8E4400265E11 /* PBXTargetDependency */ = {
			isa = PBXTargetDependency;
			target = 8429EDDA218C8E4200265E11 /* MarvelHeroes */;
			targetProxy = 8429EDF0218C8E4400265E11 /* PBXContainerItemProxy */;
		};
		8429EDFC218C8E4400265E11 /* PBXTargetDependency */ = {
			isa = PBXTargetDependency;
			target = 8429EDDA218C8E4200265E11 /* MarvelHeroes */;
			targetProxy = 8429EDFB218C8E4400265E11 /* PBXContainerItemProxy */;
		};
/* End PBXTargetDependency section */

/* Begin PBXVariantGroup section */
		8429EDE2218C8E4300265E11 /* Main.storyboard */ = {
			isa = PBXVariantGroup;
			children = (
				8429EDE3218C8E4300265E11 /* Base */,
			);
			name = Main.storyboard;
			sourceTree = "<group>";
		};
		8429EDE7218C8E4400265E11 /* LaunchScreen.storyboard */ = {
			isa = PBXVariantGroup;
			children = (
				8429EDE8218C8E4400265E11 /* Base */,
			);
			name = LaunchScreen.storyboard;
			sourceTree = "<group>";
		};
/* End PBXVariantGroup section */

/* Begin XCBuildConfiguration section */
		8429EE01218C8E4400265E11 /* Debug */ = {
			isa = XCBuildConfiguration;
			buildSettings = {
				ALWAYS_SEARCH_USER_PATHS = NO;
				CLANG_ANALYZER_NONNULL = YES;
				CLANG_ANALYZER_NUMBER_OBJECT_CONVERSION = YES_AGGRESSIVE;
				CLANG_CXX_LANGUAGE_STANDARD = "gnu++14";
				CLANG_CXX_LIBRARY = "libc++";
				CLANG_ENABLE_MODULES = YES;
				CLANG_ENABLE_OBJC_ARC = YES;
				CLANG_ENABLE_OBJC_WEAK = YES;
				CLANG_WARN_BLOCK_CAPTURE_AUTORELEASING = YES;
				CLANG_WARN_BOOL_CONVERSION = YES;
				CLANG_WARN_COMMA = YES;
				CLANG_WARN_CONSTANT_CONVERSION = YES;
				CLANG_WARN_DEPRECATED_OBJC_IMPLEMENTATIONS = YES;
				CLANG_WARN_DIRECT_OBJC_ISA_USAGE = YES_ERROR;
				CLANG_WARN_DOCUMENTATION_COMMENTS = YES;
				CLANG_WARN_EMPTY_BODY = YES;
				CLANG_WARN_ENUM_CONVERSION = YES;
				CLANG_WARN_INFINITE_RECURSION = YES;
				CLANG_WARN_INT_CONVERSION = YES;
				CLANG_WARN_NON_LITERAL_NULL_CONVERSION = YES;
				CLANG_WARN_OBJC_IMPLICIT_RETAIN_SELF = YES;
				CLANG_WARN_OBJC_LITERAL_CONVERSION = YES;
				CLANG_WARN_OBJC_ROOT_CLASS = YES_ERROR;
				CLANG_WARN_RANGE_LOOP_ANALYSIS = YES;
				CLANG_WARN_STRICT_PROTOTYPES = YES;
				CLANG_WARN_SUSPICIOUS_MOVE = YES;
				CLANG_WARN_UNGUARDED_AVAILABILITY = YES_AGGRESSIVE;
				CLANG_WARN_UNREACHABLE_CODE = YES;
				CLANG_WARN__DUPLICATE_METHOD_MATCH = YES;
				CODE_SIGN_IDENTITY = "iPhone Developer";
				COPY_PHASE_STRIP = NO;
				DEBUG_INFORMATION_FORMAT = dwarf;
				ENABLE_STRICT_OBJC_MSGSEND = YES;
				ENABLE_TESTABILITY = YES;
				GCC_C_LANGUAGE_STANDARD = gnu11;
				GCC_DYNAMIC_NO_PIC = NO;
				GCC_NO_COMMON_BLOCKS = YES;
				GCC_OPTIMIZATION_LEVEL = 0;
				GCC_PREPROCESSOR_DEFINITIONS = (
					"DEBUG=1",
					"$(inherited)",
				);
				GCC_WARN_64_TO_32_BIT_CONVERSION = YES;
				GCC_WARN_ABOUT_RETURN_TYPE = YES_ERROR;
				GCC_WARN_UNDECLARED_SELECTOR = YES;
				GCC_WARN_UNINITIALIZED_AUTOS = YES_AGGRESSIVE;
				GCC_WARN_UNUSED_FUNCTION = YES;
				GCC_WARN_UNUSED_VARIABLE = YES;
				IPHONEOS_DEPLOYMENT_TARGET = 12.1;
				MTL_ENABLE_DEBUG_INFO = INCLUDE_SOURCE;
				MTL_FAST_MATH = YES;
				ONLY_ACTIVE_ARCH = YES;
				SDKROOT = iphoneos;
				SWIFT_ACTIVE_COMPILATION_CONDITIONS = DEBUG;
				SWIFT_OPTIMIZATION_LEVEL = "-Onone";
			};
			name = Debug;
		};
		8429EE02218C8E4400265E11 /* Release */ = {
			isa = XCBuildConfiguration;
			buildSettings = {
				ALWAYS_SEARCH_USER_PATHS = NO;
				CLANG_ANALYZER_NONNULL = YES;
				CLANG_ANALYZER_NUMBER_OBJECT_CONVERSION = YES_AGGRESSIVE;
				CLANG_CXX_LANGUAGE_STANDARD = "gnu++14";
				CLANG_CXX_LIBRARY = "libc++";
				CLANG_ENABLE_MODULES = YES;
				CLANG_ENABLE_OBJC_ARC = YES;
				CLANG_ENABLE_OBJC_WEAK = YES;
				CLANG_WARN_BLOCK_CAPTURE_AUTORELEASING = YES;
				CLANG_WARN_BOOL_CONVERSION = YES;
				CLANG_WARN_COMMA = YES;
				CLANG_WARN_CONSTANT_CONVERSION = YES;
				CLANG_WARN_DEPRECATED_OBJC_IMPLEMENTATIONS = YES;
				CLANG_WARN_DIRECT_OBJC_ISA_USAGE = YES_ERROR;
				CLANG_WARN_DOCUMENTATION_COMMENTS = YES;
				CLANG_WARN_EMPTY_BODY = YES;
				CLANG_WARN_ENUM_CONVERSION = YES;
				CLANG_WARN_INFINITE_RECURSION = YES;
				CLANG_WARN_INT_CONVERSION = YES;
				CLANG_WARN_NON_LITERAL_NULL_CONVERSION = YES;
				CLANG_WARN_OBJC_IMPLICIT_RETAIN_SELF = YES;
				CLANG_WARN_OBJC_LITERAL_CONVERSION = YES;
				CLANG_WARN_OBJC_ROOT_CLASS = YES_ERROR;
				CLANG_WARN_RANGE_LOOP_ANALYSIS = YES;
				CLANG_WARN_STRICT_PROTOTYPES = YES;
				CLANG_WARN_SUSPICIOUS_MOVE = YES;
				CLANG_WARN_UNGUARDED_AVAILABILITY = YES_AGGRESSIVE;
				CLANG_WARN_UNREACHABLE_CODE = YES;
				CLANG_WARN__DUPLICATE_METHOD_MATCH = YES;
				CODE_SIGN_IDENTITY = "iPhone Developer";
				COPY_PHASE_STRIP = NO;
				DEBUG_INFORMATION_FORMAT = "dwarf-with-dsym";
				ENABLE_NS_ASSERTIONS = NO;
				ENABLE_STRICT_OBJC_MSGSEND = YES;
				GCC_C_LANGUAGE_STANDARD = gnu11;
				GCC_NO_COMMON_BLOCKS = YES;
				GCC_WARN_64_TO_32_BIT_CONVERSION = YES;
				GCC_WARN_ABOUT_RETURN_TYPE = YES_ERROR;
				GCC_WARN_UNDECLARED_SELECTOR = YES;
				GCC_WARN_UNINITIALIZED_AUTOS = YES_AGGRESSIVE;
				GCC_WARN_UNUSED_FUNCTION = YES;
				GCC_WARN_UNUSED_VARIABLE = YES;
				IPHONEOS_DEPLOYMENT_TARGET = 12.1;
				MTL_ENABLE_DEBUG_INFO = NO;
				MTL_FAST_MATH = YES;
				SDKROOT = iphoneos;
				SWIFT_COMPILATION_MODE = wholemodule;
				SWIFT_OPTIMIZATION_LEVEL = "-O";
				VALIDATE_PRODUCT = YES;
			};
			name = Release;
		};
		8429EE04218C8E4400265E11 /* Debug */ = {
			isa = XCBuildConfiguration;
			baseConfigurationReference = 583C5F2C48B1139131C8614D /* Pods-MarvelHeroes.debug.xcconfig */;
			buildSettings = {
				ASSETCATALOG_COMPILER_APPICON_NAME = AppIcon;
				CODE_SIGN_STYLE = Automatic;
				DEVELOPMENT_TEAM = M3PUPH2NBH;
				INFOPLIST_FILE = MarvelHeroes/Info.plist;
				IPHONEOS_DEPLOYMENT_TARGET = 11.1;
				LD_RUNPATH_SEARCH_PATHS = (
					"$(inherited)",
					"@executable_path/Frameworks",
				);
				PRODUCT_BUNDLE_IDENTIFIER = Scheltzke.MarvelHeroes;
				PRODUCT_NAME = "$(TARGET_NAME)";
				SWIFT_VERSION = 4.2;
				TARGETED_DEVICE_FAMILY = "1,2";
			};
			name = Debug;
		};
		8429EE05218C8E4400265E11 /* Release */ = {
			isa = XCBuildConfiguration;
			baseConfigurationReference = 331C7127FBB0FF1DB9AC6029 /* Pods-MarvelHeroes.release.xcconfig */;
			buildSettings = {
				ASSETCATALOG_COMPILER_APPICON_NAME = AppIcon;
				CODE_SIGN_STYLE = Automatic;
				DEVELOPMENT_TEAM = M3PUPH2NBH;
				INFOPLIST_FILE = MarvelHeroes/Info.plist;
				IPHONEOS_DEPLOYMENT_TARGET = 11.1;
				LD_RUNPATH_SEARCH_PATHS = (
					"$(inherited)",
					"@executable_path/Frameworks",
				);
				PRODUCT_BUNDLE_IDENTIFIER = Scheltzke.MarvelHeroes;
				PRODUCT_NAME = "$(TARGET_NAME)";
				SWIFT_VERSION = 4.2;
				TARGETED_DEVICE_FAMILY = "1,2";
			};
			name = Release;
		};
		8429EE07218C8E4400265E11 /* Debug */ = {
			isa = XCBuildConfiguration;
			buildSettings = {
				ALWAYS_EMBED_SWIFT_STANDARD_LIBRARIES = YES;
				BUNDLE_LOADER = "$(TEST_HOST)";
				CODE_SIGN_STYLE = Automatic;
				DEVELOPMENT_TEAM = M3PUPH2NBH;
				INFOPLIST_FILE = MarvelHeroesTests/Info.plist;
				LD_RUNPATH_SEARCH_PATHS = (
					"$(inherited)",
					"@executable_path/Frameworks",
					"@loader_path/Frameworks",
				);
				PRODUCT_BUNDLE_IDENTIFIER = Scheltzke.MarvelHeroesTests;
				PRODUCT_NAME = "$(TARGET_NAME)";
				SWIFT_VERSION = 4.2;
				TARGETED_DEVICE_FAMILY = "1,2";
				TEST_HOST = "$(BUILT_PRODUCTS_DIR)/MarvelHeroes.app/MarvelHeroes";
			};
			name = Debug;
		};
		8429EE08218C8E4400265E11 /* Release */ = {
			isa = XCBuildConfiguration;
			buildSettings = {
				ALWAYS_EMBED_SWIFT_STANDARD_LIBRARIES = YES;
				BUNDLE_LOADER = "$(TEST_HOST)";
				CODE_SIGN_STYLE = Automatic;
				DEVELOPMENT_TEAM = M3PUPH2NBH;
				INFOPLIST_FILE = MarvelHeroesTests/Info.plist;
				LD_RUNPATH_SEARCH_PATHS = (
					"$(inherited)",
					"@executable_path/Frameworks",
					"@loader_path/Frameworks",
				);
				PRODUCT_BUNDLE_IDENTIFIER = Scheltzke.MarvelHeroesTests;
				PRODUCT_NAME = "$(TARGET_NAME)";
				SWIFT_VERSION = 4.2;
				TARGETED_DEVICE_FAMILY = "1,2";
				TEST_HOST = "$(BUILT_PRODUCTS_DIR)/MarvelHeroes.app/MarvelHeroes";
			};
			name = Release;
		};
		8429EE0A218C8E4400265E11 /* Debug */ = {
			isa = XCBuildConfiguration;
			buildSettings = {
				ALWAYS_EMBED_SWIFT_STANDARD_LIBRARIES = YES;
				CODE_SIGN_STYLE = Automatic;
				DEVELOPMENT_TEAM = M3PUPH2NBH;
				INFOPLIST_FILE = MarvelHeroesUITests/Info.plist;
				LD_RUNPATH_SEARCH_PATHS = (
					"$(inherited)",
					"@executable_path/Frameworks",
					"@loader_path/Frameworks",
				);
				PRODUCT_BUNDLE_IDENTIFIER = Scheltzke.MarvelHeroesUITests;
				PRODUCT_NAME = "$(TARGET_NAME)";
				SWIFT_VERSION = 4.2;
				TARGETED_DEVICE_FAMILY = "1,2";
				TEST_TARGET_NAME = MarvelHeroes;
			};
			name = Debug;
		};
		8429EE0B218C8E4400265E11 /* Release */ = {
			isa = XCBuildConfiguration;
			buildSettings = {
				ALWAYS_EMBED_SWIFT_STANDARD_LIBRARIES = YES;
				CODE_SIGN_STYLE = Automatic;
				DEVELOPMENT_TEAM = M3PUPH2NBH;
				INFOPLIST_FILE = MarvelHeroesUITests/Info.plist;
				LD_RUNPATH_SEARCH_PATHS = (
					"$(inherited)",
					"@executable_path/Frameworks",
					"@loader_path/Frameworks",
				);
				PRODUCT_BUNDLE_IDENTIFIER = Scheltzke.MarvelHeroesUITests;
				PRODUCT_NAME = "$(TARGET_NAME)";
				SWIFT_VERSION = 4.2;
				TARGETED_DEVICE_FAMILY = "1,2";
				TEST_TARGET_NAME = MarvelHeroes;
			};
			name = Release;
		};
/* End XCBuildConfiguration section */

/* Begin XCConfigurationList section */
		8429EDD6218C8E4200265E11 /* Build configuration list for PBXProject "MarvelHeroes" */ = {
			isa = XCConfigurationList;
			buildConfigurations = (
				8429EE01218C8E4400265E11 /* Debug */,
				8429EE02218C8E4400265E11 /* Release */,
			);
			defaultConfigurationIsVisible = 0;
			defaultConfigurationName = Release;
		};
		8429EE03218C8E4400265E11 /* Build configuration list for PBXNativeTarget "MarvelHeroes" */ = {
			isa = XCConfigurationList;
			buildConfigurations = (
				8429EE04218C8E4400265E11 /* Debug */,
				8429EE05218C8E4400265E11 /* Release */,
			);
			defaultConfigurationIsVisible = 0;
			defaultConfigurationName = Release;
		};
		8429EE06218C8E4400265E11 /* Build configuration list for PBXNativeTarget "MarvelHeroesTests" */ = {
			isa = XCConfigurationList;
			buildConfigurations = (
				8429EE07218C8E4400265E11 /* Debug */,
				8429EE08218C8E4400265E11 /* Release */,
			);
			defaultConfigurationIsVisible = 0;
			defaultConfigurationName = Release;
		};
		8429EE09218C8E4400265E11 /* Build configuration list for PBXNativeTarget "MarvelHeroesUITests" */ = {
			isa = XCConfigurationList;
			buildConfigurations = (
				8429EE0A218C8E4400265E11 /* Debug */,
				8429EE0B218C8E4400265E11 /* Release */,
			);
			defaultConfigurationIsVisible = 0;
			defaultConfigurationName = Release;
		};
/* End XCConfigurationList section */
	};
	rootObject = 8429EDD3218C8E4200265E11 /* Project object */;
}
